// !$*UTF8*$!
{
	archiveVersion = 1;
	classes = {
	};
	objectVersion = 55;
	objects = {

/* Begin PBXBuildFile section */
		814D6D602837AAF100EDD669 /* BasicDelegate.cpp in Sources */ = {isa = PBXBuildFile; fileRef = 814D6D5E2837AAF100EDD669 /* BasicDelegate.cpp */; };
		814D6D642837EEBB00EDD669 /* ScoreCacheHelper.cpp in Sources */ = {isa = PBXBuildFile; fileRef = 814D6D622837EEBB00EDD669 /* ScoreCacheHelper.cpp */; };
		814D6D672837F03900EDD669 /* PositionCacheHelper.cpp in Sources */ = {isa = PBXBuildFile; fileRef = 814D6D652837F03900EDD669 /* PositionCacheHelper.cpp */; };
		814D6D6A2838363200EDD669 /* MapHelper.cpp in Sources */ = {isa = PBXBuildFile; fileRef = 814D6D682838363200EDD669 /* MapHelper.cpp */; };
		819C73952703764900204F42 /* main.cpp in Sources */ = {isa = PBXBuildFile; fileRef = 819C73942703764900204F42 /* main.cpp */; };
		819C73A02703838600204F42 /* SingleNoteSequence.cpp in Sources */ = {isa = PBXBuildFile; fileRef = 819C739E2703838600204F42 /* SingleNoteSequence.cpp */; };
		819C73A3270383C100204F42 /* FingeringSequence.cpp in Sources */ = {isa = PBXBuildFile; fileRef = 819C73A1270383C100204F42 /* FingeringSequence.cpp */; };
		819C73A62704480700204F42 /* Optimizer.cpp in Sources */ = {isa = PBXBuildFile; fileRef = 819C73A42704480600204F42 /* Optimizer.cpp */; };
/* End PBXBuildFile section */

/* Begin PBXCopyFilesBuildPhase section */
		819C738F2703764900204F42 /* CopyFiles */ = {
			isa = PBXCopyFilesBuildPhase;
			buildActionMask = 2147483647;
			dstPath = /usr/share/man/man1/;
			dstSubfolderSpec = 0;
			files = (
			);
			runOnlyForDeploymentPostprocessing = 1;
		};
/* End PBXCopyFilesBuildPhase section */

/* Begin PBXFileReference section */
		814D6D5E2837AAF100EDD669 /* BasicDelegate.cpp */ = {isa = PBXFileReference; lastKnownFileType = sourcecode.cpp.cpp; path = BasicDelegate.cpp; sourceTree = "<group>"; };
		814D6D5F2837AAF100EDD669 /* BasicDelegate.hpp */ = {isa = PBXFileReference; lastKnownFileType = sourcecode.cpp.h; path = BasicDelegate.hpp; sourceTree = "<group>"; };
		814D6D612837DBA100EDD669 /* types.h */ = {isa = PBXFileReference; lastKnownFileType = sourcecode.c.h; path = types.h; sourceTree = "<group>"; };
		814D6D622837EEBB00EDD669 /* ScoreCacheHelper.cpp */ = {isa = PBXFileReference; lastKnownFileType = sourcecode.cpp.cpp; path = ScoreCacheHelper.cpp; sourceTree = "<group>"; };
		814D6D632837EEBB00EDD669 /* ScoreCacheHelper.hpp */ = {isa = PBXFileReference; lastKnownFileType = sourcecode.cpp.h; path = ScoreCacheHelper.hpp; sourceTree = "<group>"; };
		814D6D652837F03900EDD669 /* PositionCacheHelper.cpp */ = {isa = PBXFileReference; lastKnownFileType = sourcecode.cpp.cpp; path = PositionCacheHelper.cpp; sourceTree = "<group>"; };
		814D6D662837F03900EDD669 /* PositionCacheHelper.hpp */ = {isa = PBXFileReference; lastKnownFileType = sourcecode.cpp.h; path = PositionCacheHelper.hpp; sourceTree = "<group>"; };
		814D6D682838363200EDD669 /* MapHelper.cpp */ = {isa = PBXFileReference; lastKnownFileType = sourcecode.cpp.cpp; path = MapHelper.cpp; sourceTree = "<group>"; };
		814D6D692838363200EDD669 /* MapHelper.hpp */ = {isa = PBXFileReference; lastKnownFileType = sourcecode.cpp.h; path = MapHelper.hpp; sourceTree = "<group>"; };
		819C73912703764900204F42 /* StringFingering */ = {isa = PBXFileReference; explicitFileType = "compiled.mach-o.executable"; includeInIndex = 0; path = StringFingering; sourceTree = BUILT_PRODUCTS_DIR; };
		819C73942703764900204F42 /* main.cpp */ = {isa = PBXFileReference; lastKnownFileType = sourcecode.cpp.cpp; path = main.cpp; sourceTree = "<group>"; };
		819C739E2703838600204F42 /* SingleNoteSequence.cpp */ = {isa = PBXFileReference; lastKnownFileType = sourcecode.cpp.cpp; path = SingleNoteSequence.cpp; sourceTree = "<group>"; };
		819C739F2703838600204F42 /* SingleNoteSequence.hpp */ = {isa = PBXFileReference; lastKnownFileType = sourcecode.cpp.h; path = SingleNoteSequence.hpp; sourceTree = "<group>"; };
		819C73A1270383C100204F42 /* FingeringSequence.cpp */ = {isa = PBXFileReference; lastKnownFileType = sourcecode.cpp.cpp; path = FingeringSequence.cpp; sourceTree = "<group>"; };
		819C73A2270383C100204F42 /* FingeringSequence.hpp */ = {isa = PBXFileReference; lastKnownFileType = sourcecode.cpp.h; path = FingeringSequence.hpp; sourceTree = "<group>"; };
		819C73A42704480600204F42 /* Optimizer.cpp */ = {isa = PBXFileReference; lastKnownFileType = sourcecode.cpp.cpp; path = Optimizer.cpp; sourceTree = "<group>"; };
		819C73A52704480700204F42 /* Optimizer.hpp */ = {isa = PBXFileReference; lastKnownFileType = sourcecode.cpp.h; path = Optimizer.hpp; sourceTree = "<group>"; };
/* End PBXFileReference section */

/* Begin PBXFrameworksBuildPhase section */
		819C738E2703764900204F42 /* Frameworks */ = {
			isa = PBXFrameworksBuildPhase;
			buildActionMask = 2147483647;
			files = (
			);
			runOnlyForDeploymentPostprocessing = 0;
		};
/* End PBXFrameworksBuildPhase section */

/* Begin PBXGroup section */
		819C73882703764900204F42 = {
			isa = PBXGroup;
			children = (
				819C73932703764900204F42 /* StringFingering */,
				819C73922703764900204F42 /* Products */,
			);
			sourceTree = "<group>";
		};
		819C73922703764900204F42 /* Products */ = {
			isa = PBXGroup;
			children = (
				819C73912703764900204F42 /* StringFingering */,
			);
			name = Products;
			sourceTree = "<group>";
		};
		819C73932703764900204F42 /* StringFingering */ = {
			isa = PBXGroup;
			children = (
				814D6D612837DBA100EDD669 /* types.h */,
				814D6D662837F03900EDD669 /* PositionCacheHelper.hpp */,
				814D6D652837F03900EDD669 /* PositionCacheHelper.cpp */,
				814D6D632837EEBB00EDD669 /* ScoreCacheHelper.hpp */,
				814D6D622837EEBB00EDD669 /* ScoreCacheHelper.cpp */,
				814D6D692838363200EDD669 /* MapHelper.hpp */,
				814D6D682838363200EDD669 /* MapHelper.cpp */,
				814D6D5F2837AAF100EDD669 /* BasicDelegate.hpp */,
				814D6D5E2837AAF100EDD669 /* BasicDelegate.cpp */,
				819C73A52704480700204F42 /* Optimizer.hpp */,
				819C73A42704480600204F42 /* Optimizer.cpp */,
				819C73A2270383C100204F42 /* FingeringSequence.hpp */,
				819C73A1270383C100204F42 /* FingeringSequence.cpp */,
				819C739F2703838600204F42 /* SingleNoteSequence.hpp */,
				819C739E2703838600204F42 /* SingleNoteSequence.cpp */,
				819C73942703764900204F42 /* main.cpp */,
			);
			path = StringFingering;
			sourceTree = "<group>";
		};
/* End PBXGroup section */

/* Begin PBXNativeTarget section */
		819C73902703764900204F42 /* StringFingering */ = {
			isa = PBXNativeTarget;
			buildConfigurationList = 819C73982703764900204F42 /* Build configuration list for PBXNativeTarget "StringFingering" */;
			buildPhases = (
				819C738D2703764900204F42 /* Sources */,
				819C738E2703764900204F42 /* Frameworks */,
				819C738F2703764900204F42 /* CopyFiles */,
			);
			buildRules = (
			);
			dependencies = (
			);
			name = StringFingering;
			productName = StringFingering;
			productReference = 819C73912703764900204F42 /* StringFingering */;
			productType = "com.apple.product-type.tool";
		};
/* End PBXNativeTarget section */

/* Begin PBXProject section */
		819C73892703764900204F42 /* Project object */ = {
			isa = PBXProject;
			attributes = {
				BuildIndependentTargetsInParallel = 1;
				LastUpgradeCheck = 1340;
				TargetAttributes = {
					819C73902703764900204F42 = {
						CreatedOnToolsVersion = 13.0;
					};
				};
			};
			buildConfigurationList = 819C738C2703764900204F42 /* Build configuration list for PBXProject "StringFingering" */;
			compatibilityVersion = "Xcode 13.0";
			developmentRegion = en;
			hasScannedForEncodings = 0;
			knownRegions = (
				en,
				Base,
			);
			mainGroup = 819C73882703764900204F42;
			productRefGroup = 819C73922703764900204F42 /* Products */;
			projectDirPath = "";
			projectRoot = "";
			targets = (
				819C73902703764900204F42 /* StringFingering */,
			);
		};
/* End PBXProject section */

/* Begin PBXSourcesBuildPhase section */
		819C738D2703764900204F42 /* Sources */ = {
			isa = PBXSourcesBuildPhase;
			buildActionMask = 2147483647;
			files = (
				819C73A3270383C100204F42 /* FingeringSequence.cpp in Sources */,
				814D6D642837EEBB00EDD669 /* ScoreCacheHelper.cpp in Sources */,
				819C73A02703838600204F42 /* SingleNoteSequence.cpp in Sources */,
				819C73952703764900204F42 /* main.cpp in Sources */,
				814D6D6A2838363200EDD669 /* MapHelper.cpp in Sources */,
				814D6D672837F03900EDD669 /* PositionCacheHelper.cpp in Sources */,
				819C73A62704480700204F42 /* Optimizer.cpp in Sources */,
				814D6D602837AAF100EDD669 /* BasicDelegate.cpp in Sources */,
			);
			runOnlyForDeploymentPostprocessing = 0;
		};
/* End PBXSourcesBuildPhase section */

/* Begin XCBuildConfiguration section */
		819C73962703764900204F42 /* Debug */ = {
			isa = XCBuildConfiguration;
			buildSettings = {
				ALWAYS_SEARCH_USER_PATHS = NO;
				CLANG_ANALYZER_NONNULL = YES;
				CLANG_ANALYZER_NUMBER_OBJECT_CONVERSION = YES_AGGRESSIVE;
				CLANG_CXX_LANGUAGE_STANDARD = "gnu++17";
				CLANG_CXX_LIBRARY = "libc++";
				CLANG_ENABLE_MODULES = YES;
				CLANG_ENABLE_OBJC_ARC = YES;
				CLANG_ENABLE_OBJC_WEAK = YES;
				CLANG_WARN_BLOCK_CAPTURE_AUTORELEASING = YES;
				CLANG_WARN_BOOL_CONVERSION = YES;
				CLANG_WARN_COMMA = YES;
				CLANG_WARN_CONSTANT_CONVERSION = YES;
				CLANG_WARN_DEPRECATED_OBJC_IMPLEMENTATIONS = YES;
				CLANG_WARN_DIRECT_OBJC_ISA_USAGE = YES_ERROR;
				CLANG_WARN_DOCUMENTATION_COMMENTS = YES;
				CLANG_WARN_EMPTY_BODY = YES;
				CLANG_WARN_ENUM_CONVERSION = YES;
				CLANG_WARN_INFINITE_RECURSION = YES;
				CLANG_WARN_INT_CONVERSION = YES;
				CLANG_WARN_NON_LITERAL_NULL_CONVERSION = YES;
				CLANG_WARN_OBJC_IMPLICIT_RETAIN_SELF = YES;
				CLANG_WARN_OBJC_LITERAL_CONVERSION = YES;
				CLANG_WARN_OBJC_ROOT_CLASS = YES_ERROR;
				CLANG_WARN_QUOTED_INCLUDE_IN_FRAMEWORK_HEADER = YES;
				CLANG_WARN_RANGE_LOOP_ANALYSIS = YES;
				CLANG_WARN_STRICT_PROTOTYPES = YES;
				CLANG_WARN_SUSPICIOUS_MOVE = YES;
				CLANG_WARN_UNGUARDED_AVAILABILITY = YES_AGGRESSIVE;
				CLANG_WARN_UNREACHABLE_CODE = YES;
				CLANG_WARN__DUPLICATE_METHOD_MATCH = YES;
				COPY_PHASE_STRIP = NO;
				DEBUG_INFORMATION_FORMAT = dwarf;
				ENABLE_STRICT_OBJC_MSGSEND = YES;
				ENABLE_TESTABILITY = YES;
				GCC_C_LANGUAGE_STANDARD = gnu11;
				GCC_DYNAMIC_NO_PIC = NO;
				GCC_NO_COMMON_BLOCKS = YES;
				GCC_OPTIMIZATION_LEVEL = 0;
				GCC_PREPROCESSOR_DEFINITIONS = (
					"DEBUG=1",
					"$(inherited)",
				);
				GCC_WARN_64_TO_32_BIT_CONVERSION = YES;
				GCC_WARN_ABOUT_RETURN_TYPE = YES_ERROR;
				GCC_WARN_UNDECLARED_SELECTOR = YES;
				GCC_WARN_UNINITIALIZED_AUTOS = YES_AGGRESSIVE;
				GCC_WARN_UNUSED_FUNCTION = YES;
				GCC_WARN_UNUSED_VARIABLE = YES;
				MACOSX_DEPLOYMENT_TARGET = 11.3;
				MTL_ENABLE_DEBUG_INFO = INCLUDE_SOURCE;
				MTL_FAST_MATH = YES;
				ONLY_ACTIVE_ARCH = YES;
				SDKROOT = macosx;
			};
			name = Debug;
		};
		819C73972703764900204F42 /* Release */ = {
			isa = XCBuildConfiguration;
			buildSettings = {
				ALWAYS_SEARCH_USER_PATHS = NO;
				CLANG_ANALYZER_NONNULL = YES;
				CLANG_ANALYZER_NUMBER_OBJECT_CONVERSION = YES_AGGRESSIVE;
				CLANG_CXX_LANGUAGE_STANDARD = "gnu++17";
				CLANG_CXX_LIBRARY = "libc++";
				CLANG_ENABLE_MODULES = YES;
				CLANG_ENABLE_OBJC_ARC = YES;
				CLANG_ENABLE_OBJC_WEAK = YES;
				CLANG_WARN_BLOCK_CAPTURE_AUTORELEASING = YES;
				CLANG_WARN_BOOL_CONVERSION = YES;
				CLANG_WARN_COMMA = YES;
				CLANG_WARN_CONSTANT_CONVERSION = YES;
				CLANG_WARN_DEPRECATED_OBJC_IMPLEMENTATIONS = YES;
				CLANG_WARN_DIRECT_OBJC_ISA_USAGE = YES_ERROR;
				CLANG_WARN_DOCUMENTATION_COMMENTS = YES;
				CLANG_WARN_EMPTY_BODY = YES;
				CLANG_WARN_ENUM_CONVERSION = YES;
				CLANG_WARN_INFINITE_RECURSION = YES;
				CLANG_WARN_INT_CONVERSION = YES;
				CLANG_WARN_NON_LITERAL_NULL_CONVERSION = YES;
				CLANG_WARN_OBJC_IMPLICIT_RETAIN_SELF = YES;
				CLANG_WARN_OBJC_LITERAL_CONVERSION = YES;
				CLANG_WARN_OBJC_ROOT_CLASS = YES_ERROR;
				CLANG_WARN_QUOTED_INCLUDE_IN_FRAMEWORK_HEADER = YES;
				CLANG_WARN_RANGE_LOOP_ANALYSIS = YES;
				CLANG_WARN_STRICT_PROTOTYPES = YES;
				CLANG_WARN_SUSPICIOUS_MOVE = YES;
				CLANG_WARN_UNGUARDED_AVAILABILITY = YES_AGGRESSIVE;
				CLANG_WARN_UNREACHABLE_CODE = YES;
				CLANG_WARN__DUPLICATE_METHOD_MATCH = YES;
				COPY_PHASE_STRIP = NO;
				DEBUG_INFORMATION_FORMAT = "dwarf-with-dsym";
				ENABLE_NS_ASSERTIONS = NO;
				ENABLE_STRICT_OBJC_MSGSEND = YES;
				GCC_C_LANGUAGE_STANDARD = gnu11;
				GCC_NO_COMMON_BLOCKS = YES;
				GCC_WARN_64_TO_32_BIT_CONVERSION = YES;
				GCC_WARN_ABOUT_RETURN_TYPE = YES_ERROR;
				GCC_WARN_UNDECLARED_SELECTOR = YES;
				GCC_WARN_UNINITIALIZED_AUTOS = YES_AGGRESSIVE;
				GCC_WARN_UNUSED_FUNCTION = YES;
				GCC_WARN_UNUSED_VARIABLE = YES;
				MACOSX_DEPLOYMENT_TARGET = 11.3;
				MTL_ENABLE_DEBUG_INFO = NO;
				MTL_FAST_MATH = YES;
				SDKROOT = macosx;
			};
			name = Release;
		};
		819C73992703764900204F42 /* Debug */ = {
			isa = XCBuildConfiguration;
			buildSettings = {
				CODE_SIGN_IDENTITY = "-";
				CODE_SIGN_STYLE = Automatic;
				DEVELOPMENT_TEAM = TWJK35QCXR;
				ENABLE_HARDENED_RUNTIME = YES;
				PRODUCT_NAME = "$(TARGET_NAME)";
			};
			name = Debug;
		};
		819C739A2703764900204F42 /* Release */ = {
			isa = XCBuildConfiguration;
			buildSettings = {
				CODE_SIGN_IDENTITY = "-";
				CODE_SIGN_STYLE = Automatic;
				DEVELOPMENT_TEAM = TWJK35QCXR;
				ENABLE_HARDENED_RUNTIME = YES;
				PRODUCT_NAME = "$(TARGET_NAME)";
			};
			name = Release;
		};
/* End XCBuildConfiguration section */

/* Begin XCConfigurationList section */
		819C738C2703764900204F42 /* Build configuration list for PBXProject "StringFingering" */ = {
			isa = XCConfigurationList;
			buildConfigurations = (
				819C73962703764900204F42 /* Debug */,
				819C73972703764900204F42 /* Release */,
			);
			defaultConfigurationIsVisible = 0;
			defaultConfigurationName = Release;
		};
		819C73982703764900204F42 /* Build configuration list for PBXNativeTarget "StringFingering" */ = {
			isa = XCConfigurationList;
			buildConfigurations = (
				819C73992703764900204F42 /* Debug */,
				819C739A2703764900204F42 /* Release */,
			);
			defaultConfigurationIsVisible = 0;
			defaultConfigurationName = Release;
		};
/* End XCConfigurationList section */
	};
	rootObject = 819C73892703764900204F42 /* Project object */;
}
